
Microsoft Visual Studio Solution File, Format Version 12.00
# Visual Studio Version 17
VisualStudioVersion = 17.3.32819.101
MinimumVisualStudioVersion = 10.0.40219.1
Project("{9A19103F-16F7-4668-BE54-9A1E7A4F7556}") = "01", "01\01.csproj", "{53D51270-AE6D-40D5-99E1-4D90F169B22D}"
EndProject
Project("{9A19103F-16F7-4668-BE54-9A1E7A4F7556}") = "02", "02\02.csproj", "{713E3534-1B71-4675-B279-DA3E24084A6F}"
EndProject
Project("{9A19103F-16F7-4668-BE54-9A1E7A4F7556}") = "03", "03\03.csproj", "{CA696508-7929-440A-932F-694F7EAEE0CC}"
EndProject
Project("{9A19103F-16F7-4668-BE54-9A1E7A4F7556}") = "04", "04\04.csproj", "{8B89D169-406A-4F17-8431-022EC7EF8289}"
EndProject
Project("{9A19103F-16F7-4668-BE54-9A1E7A4F7556}") = "05", "05\05.csproj", "{A35FD1DF-28AA-41D2-9003-A15A673CC8A1}"
EndProject
Project("{9A19103F-16F7-4668-BE54-9A1E7A4F7556}") = "06", "06\06.csproj", "{62FF6417-EB1D-494C-9196-DFFA6CAE2D82}"
EndProject
Project("{9A19103F-16F7-4668-BE54-9A1E7A4F7556}") = "07", "07\07.csproj", "{69DE7A1F-1457-4A4C-A4EE-7F3BE4A78863}"
EndProject
Project("{9A19103F-16F7-4668-BE54-9A1E7A4F7556}") = "08", "08\08.csproj", "{DF8C042D-69A3-4F2C-A4BF-AA134D418E02}"
EndProject
Project("{9A19103F-16F7-4668-BE54-9A1E7A4F7556}") = "09", "09\09.csproj", "{D511FDE6-BE6E-40D4-87B1-750E69E3235D}"
EndProject
Project("{9A19103F-16F7-4668-BE54-9A1E7A4F7556}") = "10", "10\10.csproj", "{E7F6618D-CB37-4D31-BAC8-EE5C08916710}"
EndProject
Project("{9A19103F-16F7-4668-BE54-9A1E7A4F7556}") = "11", "11\11.csproj", "{7A4B2465-05FA-4227-AA9B-F6085EC2D42C}"
EndProject
Project("{9A19103F-16F7-4668-BE54-9A1E7A4F7556}") = "13", "13\13.csproj", "{EDF3A664-E6B9-4E39-A5DD-9AA259813F2E}"
EndProject
Project("{9A19103F-16F7-4668-BE54-9A1E7A4F7556}") = "14", "14\14.csproj", "{3EFE0D18-ACBE-4271-8442-14ECCC964CA2}"
EndProject
Project("{9A19103F-16F7-4668-BE54-9A1E7A4F7556}") = "test_windwos_forms", "test_windwos_forms\test_windwos_forms.csproj", "{5A39B81C-41C3-4EEB-9396-76D086468890}"
EndProject
Project("{9A19103F-16F7-4668-BE54-9A1E7A4F7556}") = "My1stWIndowsFormsApp", "My1stWIndowsFormsApp\My1stWIndowsFormsApp.csproj", "{E3A7082C-C61D-4CB2-99E8-BB6A4ED2A5F5}"
EndProject
Project("{FAE04EC0-301F-11D3-BF4B-00C04F79EFBC}") = "24", "24\24.csproj", "{16434A83-E57E-46CC-9BF9-C0FC84861338}"
EndProject
Global
	GlobalSection(SolutionConfigurationPlatforms) = preSolution
		Debug|Any CPU = Debug|Any CPU
		Release|Any CPU = Release|Any CPU
	EndGlobalSection
	GlobalSection(ProjectConfigurationPlatforms) = postSolution
		{53D51270-AE6D-40D5-99E1-4D90F169B22D}.Debug|Any CPU.ActiveCfg = Debug|Any CPU
		{53D51270-AE6D-40D5-99E1-4D90F169B22D}.Debug|Any CPU.Build.0 = Debug|Any CPU
		{53D51270-AE6D-40D5-99E1-4D90F169B22D}.Release|Any CPU.ActiveCfg = Release|Any CPU
		{53D51270-AE6D-40D5-99E1-4D90F169B22D}.Release|Any CPU.Build.0 = Release|Any CPU
		{713E3534-1B71-4675-B279-DA3E24084A6F}.Debug|Any CPU.ActiveCfg = Debug|Any CPU
		{713E3534-1B71-4675-B279-DA3E24084A6F}.Debug|Any CPU.Build.0 = Debug|Any CPU
		{713E3534-1B71-4675-B279-DA3E24084A6F}.Release|Any CPU.ActiveCfg = Release|Any CPU
		{713E3534-1B71-4675-B279-DA3E24084A6F}.Release|Any CPU.Build.0 = Release|Any CPU
		{CA696508-7929-440A-932F-694F7EAEE0CC}.Debug|Any CPU.ActiveCfg = Debug|Any CPU
		{CA696508-7929-440A-932F-694F7EAEE0CC}.Debug|Any CPU.Build.0 = Debug|Any CPU
		{CA696508-7929-440A-932F-694F7EAEE0CC}.Release|Any CPU.ActiveCfg = Release|Any CPU
		{CA696508-7929-440A-932F-694F7EAEE0CC}.Release|Any CPU.Build.0 = Release|Any CPU
		{8B89D169-406A-4F17-8431-022EC7EF8289}.Debug|Any CPU.ActiveCfg = Debug|Any CPU
		{8B89D169-406A-4F17-8431-022EC7EF8289}.Debug|Any CPU.Build.0 = Debug|Any CPU
		{8B89D169-406A-4F17-8431-022EC7EF8289}.Release|Any CPU.ActiveCfg = Release|Any CPU
		{8B89D169-406A-4F17-8431-022EC7EF8289}.Release|Any CPU.Build.0 = Release|Any CPU
		{A35FD1DF-28AA-41D2-9003-A15A673CC8A1}.Debug|Any CPU.ActiveCfg = Debug|Any CPU
		{A35FD1DF-28AA-41D2-9003-A15A673CC8A1}.Debug|Any CPU.Build.0 = Debug|Any CPU
		{A35FD1DF-28AA-41D2-9003-A15A673CC8A1}.Release|Any CPU.ActiveCfg = Release|Any CPU
		{A35FD1DF-28AA-41D2-9003-A15A673CC8A1}.Release|Any CPU.Build.0 = Release|Any CPU
		{62FF6417-EB1D-494C-9196-DFFA6CAE2D82}.Debug|Any CPU.ActiveCfg = Debug|Any CPU
		{62FF6417-EB1D-494C-9196-DFFA6CAE2D82}.Debug|Any CPU.Build.0 = Debug|Any CPU
		{62FF6417-EB1D-494C-9196-DFFA6CAE2D82}.Release|Any CPU.ActiveCfg = Release|Any CPU
		{62FF6417-EB1D-494C-9196-DFFA6CAE2D82}.Release|Any CPU.Build.0 = Release|Any CPU
		{69DE7A1F-1457-4A4C-A4EE-7F3BE4A78863}.Debug|Any CPU.ActiveCfg = Debug|Any CPU
		{69DE7A1F-1457-4A4C-A4EE-7F3BE4A78863}.Debug|Any CPU.Build.0 = Debug|Any CPU
		{69DE7A1F-1457-4A4C-A4EE-7F3BE4A78863}.Release|Any CPU.ActiveCfg = Release|Any CPU
		{69DE7A1F-1457-4A4C-A4EE-7F3BE4A78863}.Release|Any CPU.Build.0 = Release|Any CPU
		{DF8C042D-69A3-4F2C-A4BF-AA134D418E02}.Debug|Any CPU.ActiveCfg = Debug|Any CPU
		{DF8C042D-69A3-4F2C-A4BF-AA134D418E02}.Debug|Any CPU.Build.0 = Debug|Any CPU
		{DF8C042D-69A3-4F2C-A4BF-AA134D418E02}.Release|Any CPU.ActiveCfg = Release|Any CPU
		{DF8C042D-69A3-4F2C-A4BF-AA134D418E02}.Release|Any CPU.Build.0 = Release|Any CPU
		{D511FDE6-BE6E-40D4-87B1-750E69E3235D}.Debug|Any CPU.ActiveCfg = Debug|Any CPU
		{D511FDE6-BE6E-40D4-87B1-750E69E3235D}.Debug|Any CPU.Build.0 = Debug|Any CPU
		{D511FDE6-BE6E-40D4-87B1-750E69E3235D}.Release|Any CPU.ActiveCfg = Release|Any CPU
		{D511FDE6-BE6E-40D4-87B1-750E69E3235D}.Release|Any CPU.Build.0 = Release|Any CPU
		{E7F6618D-CB37-4D31-BAC8-EE5C08916710}.Debug|Any CPU.ActiveCfg = Debug|Any CPU
		{E7F6618D-CB37-4D31-BAC8-EE5C08916710}.Debug|Any CPU.Build.0 = Debug|Any CPU
		{E7F6618D-CB37-4D31-BAC8-EE5C08916710}.Release|Any CPU.ActiveCfg = Release|Any CPU
		{E7F6618D-CB37-4D31-BAC8-EE5C08916710}.Release|Any CPU.Build.0 = Release|Any CPU
		{7A4B2465-05FA-4227-AA9B-F6085EC2D42C}.Debug|Any CPU.ActiveCfg = Debug|Any CPU
		{7A4B2465-05FA-4227-AA9B-F6085EC2D42C}.Debug|Any CPU.Build.0 = Debug|Any CPU
		{7A4B2465-05FA-4227-AA9B-F6085EC2D42C}.Release|Any CPU.ActiveCfg = Release|Any CPU
		{7A4B2465-05FA-4227-AA9B-F6085EC2D42C}.Release|Any CPU.Build.0 = Release|Any CPU
		{EDF3A664-E6B9-4E39-A5DD-9AA259813F2E}.Debug|Any CPU.ActiveCfg = Debug|Any CPU
		{EDF3A664-E6B9-4E39-A5DD-9AA259813F2E}.Debug|Any CPU.Build.0 = Debug|Any CPU
		{EDF3A664-E6B9-4E39-A5DD-9AA259813F2E}.Release|Any CPU.ActiveCfg = Release|Any CPU
		{EDF3A664-E6B9-4E39-A5DD-9AA259813F2E}.Release|Any CPU.Build.0 = Release|Any CPU
		{3EFE0D18-ACBE-4271-8442-14ECCC964CA2}.Debug|Any CPU.ActiveCfg = Debug|Any CPU
		{3EFE0D18-ACBE-4271-8442-14ECCC964CA2}.Debug|Any CPU.Build.0 = Debug|Any CPU
		{3EFE0D18-ACBE-4271-8442-14ECCC964CA2}.Release|Any CPU.ActiveCfg = Release|Any CPU
		{3EFE0D18-ACBE-4271-8442-14ECCC964CA2}.Release|Any CPU.Build.0 = Release|Any CPU
		{5A39B81C-41C3-4EEB-9396-76D086468890}.Debug|Any CPU.ActiveCfg = Debug|Any CPU
		{5A39B81C-41C3-4EEB-9396-76D086468890}.Debug|Any CPU.Build.0 = Debug|Any CPU
		{5A39B81C-41C3-4EEB-9396-76D086468890}.Release|Any CPU.ActiveCfg = Release|Any CPU
		{5A39B81C-41C3-4EEB-9396-76D086468890}.Release|Any CPU.Build.0 = Release|Any CPU
		{E3A7082C-C61D-4CB2-99E8-BB6A4ED2A5F5}.Debug|Any CPU.ActiveCfg = Debug|Any CPU
		{E3A7082C-C61D-4CB2-99E8-BB6A4ED2A5F5}.Debug|Any CPU.Build.0 = Debug|Any CPU
		{E3A7082C-C61D-4CB2-99E8-BB6A4ED2A5F5}.Release|Any CPU.ActiveCfg = Release|Any CPU
		{E3A7082C-C61D-4CB2-99E8-BB6A4ED2A5F5}.Release|Any CPU.Build.0 = Release|Any CPU
		{16434A83-E57E-46CC-9BF9-C0FC84861338}.Debug|Any CPU.ActiveCfg = Debug|Any CPU
		{16434A83-E57E-46CC-9BF9-C0FC84861338}.Debug|Any CPU.Build.0 = Debug|Any CPU
		{16434A83-E57E-46CC-9BF9-C0FC84861338}.Release|Any CPU.ActiveCfg = Release|Any CPU
		{16434A83-E57E-46CC-9BF9-C0FC84861338}.Release|Any CPU.Build.0 = Release|Any CPU
	EndGlobalSection
	GlobalSection(SolutionProperties) = preSolution
		HideSolutionNode = FALSE
	EndGlobalSection
	GlobalSection(ExtensibilityGlobals) = postSolution
		SolutionGuid = {571196B0-80A2-4D2A-9B8D-61ADE8C39A12}
	EndGlobalSection
EndGlobal
